
Microsoft Visual Studio Solution File, Format Version 12.00
# Visual Studio Version 17
VisualStudioVersion = 17.5.002.0
MinimumVisualStudioVersion = 10.0.40219.1
Project("{9A19103F-16F7-4668-BE54-9A1E7A4F7556}") = "2. Sistema de Funcionários", "2. Sistema de Funcionários.csproj", "{B0294162-9FC2-4C43-9722-040F712C5BDA}"
EndProject
Global
	GlobalSection(SolutionConfigurationPlatforms) = preSolution
		Debug|Any CPU = Debug|Any CPU
		Release|Any CPU = Release|Any CPU
	EndGlobalSection
	GlobalSection(ProjectConfigurationPlatforms) = postSolution
		{B0294162-9FC2-4C43-9722-040F712C5BDA}.Debug|Any CPU.ActiveCfg = Debug|Any CPU
		{B0294162-9FC2-4C43-9722-040F712C5BDA}.Debug|Any CPU.Build.0 = Debug|Any CPU
		{B0294162-9FC2-4C43-9722-040F712C5BDA}.Release|Any CPU.ActiveCfg = Release|Any CPU
		{B0294162-9FC2-4C43-9722-040F712C5BDA}.Release|Any CPU.Build.0 = Release|Any CPU
	EndGlobalSection
	GlobalSection(SolutionProperties) = preSolution
		HideSolutionNode = FALSE
	EndGlobalSection
	GlobalSection(ExtensibilityGlobals) = postSolution
		SolutionGuid = {96F5AC1F-8F04-46EB-B780-EE4CA1DD8484}
	EndGlobalSection
EndGlobal
